Microsoft Visual Studio Solution File, Format Version 11.00
# Visual Studio 2008

Project("{A7DE4C1A-96D8-2146-C42C-8299130AA874}") = "Tutorial Project", "Assembly-CSharp-firstpass-vs.csproj", "{DCFBAA35-99BD-385B-E96E-4409FFC59C7D}"
EndProject
Project("{A7DE4C1A-96D8-2146-C42C-8299130AA874}") = "Tutorial Project", "Assembly-CSharp-vs.csproj", "{4AD9C188-DC45-8AA2-6D98-73BEA8FC467E}"
EndProject
Global
	GlobalSection(SolutionConfigurationPlatforms) = preSolution
		Debug|Any CPU = Debug|Any CPU
		Release|Any CPU = Release|Any CPU
	EndGlobalSection
	GlobalSection(ProjectConfigurationPlatforms) = postSolution
		{DCFBAA35-99BD-385B-E96E-4409FFC59C7D}.Debug|Any CPU.ActiveCfg = Debug|Any CPU
		{DCFBAA35-99BD-385B-E96E-4409FFC59C7D}.Debug|Any CPU.Build.0 = Debug|Any CPU
		{DCFBAA35-99BD-385B-E96E-4409FFC59C7D}.Release|Any CPU.ActiveCfg = Release|Any CPU
		{DCFBAA35-99BD-385B-E96E-4409FFC59C7D}.Release|Any CPU.Build.0 = Release|Any CPU
		{4AD9C188-DC45-8AA2-6D98-73BEA8FC467E}.Debug|Any CPU.ActiveCfg = Debug|Any CPU
		{4AD9C188-DC45-8AA2-6D98-73BEA8FC467E}.Debug|Any CPU.Build.0 = Debug|Any CPU
		{4AD9C188-DC45-8AA2-6D98-73BEA8FC467E}.Release|Any CPU.ActiveCfg = Release|Any CPU
		{4AD9C188-DC45-8AA2-6D98-73BEA8FC467E}.Release|Any CPU.Build.0 = Release|Any CPU
	EndGlobalSection
	GlobalSection(SolutionProperties) = preSolution
		HideSolutionNode = FALSE
	EndGlobalSection
	
EndGlobal
